
Microsoft Visual Studio Solution File, Format Version 12.00
# Visual Studio 15
VisualStudioVersion = 15.0.28010.2048
MinimumVisualStudioVersion = 10.0.40219.1
Project("{8BC9CEB8-8B4A-11D0-8D11-00A0C91BC942}") = "ConsoleClock", "ConsoleClock\ConsoleClock.vcxproj", "{65A88E10-718E-4E19-B1D6-C95570034711}"
EndProject
Global
	GlobalSection(SolutionConfigurationPlatforms) = preSolution
		Debug|x64 = Debug|x64
		Debug|x86 = Debug|x86
		Release|x64 = Release|x64
		Release|x86 = Release|x86
	EndGlobalSection
	GlobalSection(ProjectConfigurationPlatforms) = postSolution
		{65A88E10-718E-4E19-B1D6-C95570034711}.Debug|x64.ActiveCfg = Debug|x64
		{65A88E10-718E-4E19-B1D6-C95570034711}.Debug|x64.Build.0 = Debug|x64
		{65A88E10-718E-4E19-B1D6-C95570034711}.Debug|x86.ActiveCfg = Debug|Win32
		{65A88E10-718E-4E19-B1D6-C95570034711}.Debug|x86.Build.0 = Debug|Win32
		{65A88E10-718E-4E19-B1D6-C95570034711}.Release|x64.ActiveCfg = Release|x64
		{65A88E10-718E-4E19-B1D6-C95570034711}.Release|x64.Build.0 = Release|x64
		{65A88E10-718E-4E19-B1D6-C95570034711}.Release|x86.ActiveCfg = Release|Win32
		{65A88E10-718E-4E19-B1D6-C95570034711}.Release|x86.Build.0 = Release|Win32
	EndGlobalSection
	GlobalSection(SolutionProperties) = preSolution
		HideSolutionNode = FALSE
	EndGlobalSection
	GlobalSection(ExtensibilityGlobals) = postSolution
		SolutionGuid = {1AF7D826-A304-4055-B411-49EC15139C86}
	EndGlobalSection
EndGlobal
